
Microsoft Visual Studio Solution File, Format Version 12.00
# Visual Studio 15
VisualStudioVersion = 15.0.27428.1
MinimumVisualStudioVersion = 10.0.40219.1
Project("{FAE04EC0-301F-11D3-BF4B-00C04F79EFBC}") = "EchoServer", "EchoServer\EchoServer.csproj", "{9E02DF8A-3797-4279-BDD2-F114A8E6407A}"
EndProject
Global
	GlobalSection(SolutionConfigurationPlatforms) = preSolution
		Debug|Any CPU = Debug|Any CPU
		Release|Any CPU = Release|Any CPU
	EndGlobalSection
	GlobalSection(ProjectConfigurationPlatforms) = postSolution
		{9E02DF8A-3797-4279-BDD2-F114A8E6407A}.Debug|Any CPU.ActiveCfg = Debug|Any CPU
		{9E02DF8A-3797-4279-BDD2-F114A8E6407A}.Debug|Any CPU.Build.0 = Debug|Any CPU
		{9E02DF8A-3797-4279-BDD2-F114A8E6407A}.Release|Any CPU.ActiveCfg = Release|Any CPU
		{9E02DF8A-3797-4279-BDD2-F114A8E6407A}.Release|Any CPU.Build.0 = Release|Any CPU
	EndGlobalSection
	GlobalSection(SolutionProperties) = preSolution
		HideSolutionNode = FALSE
	EndGlobalSection
	GlobalSection(ExtensibilityGlobals) = postSolution
		SolutionGuid = {8CCA26D3-6535-4B21-9176-B98EA0F94933}
	EndGlobalSection
EndGlobal
